
Microsoft Visual Studio Solution File, Format Version 12.00
# Visual Studio Version 16
VisualStudioVersion = 16.0.33027.164
MinimumVisualStudioVersion = 10.0.40219.1
Project("{FAE04EC0-301F-11D3-BF4B-00C04F79EFBC}") = "Exercice6", "Exercice6\Exercice6.csproj", "{DE5E2D14-709B-4AF8-B004-333EF0E332BF}"
EndProject
Global
	GlobalSection(SolutionConfigurationPlatforms) = preSolution
		Debug|Any CPU = Debug|Any CPU
		Release|Any CPU = Release|Any CPU
	EndGlobalSection
	GlobalSection(ProjectConfigurationPlatforms) = postSolution
		{DE5E2D14-709B-4AF8-B004-333EF0E332BF}.Debug|Any CPU.ActiveCfg = Debug|Any CPU
		{DE5E2D14-709B-4AF8-B004-333EF0E332BF}.Debug|Any CPU.Build.0 = Debug|Any CPU
		{DE5E2D14-709B-4AF8-B004-333EF0E332BF}.Release|Any CPU.ActiveCfg = Release|Any CPU
		{DE5E2D14-709B-4AF8-B004-333EF0E332BF}.Release|Any CPU.Build.0 = Release|Any CPU
	EndGlobalSection
	GlobalSection(SolutionProperties) = preSolution
		HideSolutionNode = FALSE
	EndGlobalSection
	GlobalSection(ExtensibilityGlobals) = postSolution
		SolutionGuid = {AF37EDC4-C126-488C-A5A6-08424AB3D90B}
	EndGlobalSection
EndGlobal
